
Microsoft Visual Studio Solution File, Format Version 12.00
# Visual Studio 15
VisualStudioVersion = 15.0.28307.1062
MinimumVisualStudioVersion = 10.0.40219.1
Project("{9A19103F-16F7-4668-BE54-9A1E7A4F7556}") = "ProjetoN", "ProjetoN.csproj", "{4CDE9FD1-6F8E-45A3-8954-30A81FB6AEE0}"
EndProject
Global
	GlobalSection(SolutionConfigurationPlatforms) = preSolution
		Debug|Any CPU = Debug|Any CPU
		Release|Any CPU = Release|Any CPU
	EndGlobalSection
	GlobalSection(ProjectConfigurationPlatforms) = postSolution
		{4CDE9FD1-6F8E-45A3-8954-30A81FB6AEE0}.Debug|Any CPU.ActiveCfg = Debug|Any CPU
		{4CDE9FD1-6F8E-45A3-8954-30A81FB6AEE0}.Debug|Any CPU.Build.0 = Debug|Any CPU
		{4CDE9FD1-6F8E-45A3-8954-30A81FB6AEE0}.Release|Any CPU.ActiveCfg = Release|Any CPU
		{4CDE9FD1-6F8E-45A3-8954-30A81FB6AEE0}.Release|Any CPU.Build.0 = Release|Any CPU
	EndGlobalSection
	GlobalSection(SolutionProperties) = preSolution
		HideSolutionNode = FALSE
	EndGlobalSection
	GlobalSection(ExtensibilityGlobals) = postSolution
		SolutionGuid = {B1BB6271-8AB0-4EA2-88CE-85DF977A9811}
	EndGlobalSection
EndGlobal
